
Microsoft Visual Studio Solution File, Format Version 12.00
# Visual Studio Version 17
VisualStudioVersion = 17.10.35201.131
MinimumVisualStudioVersion = 10.0.40219.1
Project("{8BC9CEB8-8B4A-11D0-8D11-00A0C91BC942}") = "protocol", "source\protocol\protocol.vcxproj", "{8BA26C7B-3AEC-477E-A934-4AE66E7C71DE}"
EndProject
Project("{2150E333-8FDC-42A3-9474-1A3956D46DE8}") = "Solution", "Solution", "{D3D36D49-4F0A-4933-A76B-1D47077842D6}"
	ProjectSection(SolutionItems) = preProject
		README.md = README.md
	EndProjectSection
EndProject
Project("{9A19103F-16F7-4668-BE54-9A1E7A4F7556}") = "DotNetCli", "source\DotNetCli\DotNetCli.csproj", "{C00C89A7-198E-4AC1-8208-02627936D032}"
EndProject
Project("{8BC9CEB8-8B4A-11D0-8D11-00A0C91BC942}") = "tcp-demo-server", "source\tcp-demo-server\tcp-demo-server.vcxproj", "{6910DEAD-CE08-44DA-93C6-45365382806B}"
EndProject
Project("{888888A0-9F3D-457C-B088-3A5042F75D52}") = "python-example-client", "source\python-example-client\python-example-client.pyproj", "{66123648-8B11-402E-ACE5-E281D7345C22}"
EndProject
Global
	GlobalSection(SolutionConfigurationPlatforms) = preSolution
		Debug|Any CPU = Debug|Any CPU
		Debug|ARM = Debug|ARM
		Debug|ARM64 = Debug|ARM64
		Debug|x64 = Debug|x64
		Debug|x86 = Debug|x86
		Release|Any CPU = Release|Any CPU
		Release|ARM = Release|ARM
		Release|ARM64 = Release|ARM64
		Release|x64 = Release|x64
		Release|x86 = Release|x86
	EndGlobalSection
	GlobalSection(ProjectConfigurationPlatforms) = postSolution
		{8BA26C7B-3AEC-477E-A934-4AE66E7C71DE}.Debug|Any CPU.ActiveCfg = Debug|ARM
		{8BA26C7B-3AEC-477E-A934-4AE66E7C71DE}.Debug|Any CPU.Build.0 = Debug|ARM
		{8BA26C7B-3AEC-477E-A934-4AE66E7C71DE}.Debug|Any CPU.Deploy.0 = Debug|ARM
		{8BA26C7B-3AEC-477E-A934-4AE66E7C71DE}.Debug|ARM.ActiveCfg = Debug|ARM
		{8BA26C7B-3AEC-477E-A934-4AE66E7C71DE}.Debug|ARM.Build.0 = Debug|ARM
		{8BA26C7B-3AEC-477E-A934-4AE66E7C71DE}.Debug|ARM.Deploy.0 = Debug|ARM
		{8BA26C7B-3AEC-477E-A934-4AE66E7C71DE}.Debug|ARM64.ActiveCfg = Debug|ARM
		{8BA26C7B-3AEC-477E-A934-4AE66E7C71DE}.Debug|ARM64.Build.0 = Debug|ARM
		{8BA26C7B-3AEC-477E-A934-4AE66E7C71DE}.Debug|ARM64.Deploy.0 = Debug|ARM
		{8BA26C7B-3AEC-477E-A934-4AE66E7C71DE}.Debug|x64.ActiveCfg = Debug|ARM
		{8BA26C7B-3AEC-477E-A934-4AE66E7C71DE}.Debug|x64.Build.0 = Debug|ARM
		{8BA26C7B-3AEC-477E-A934-4AE66E7C71DE}.Debug|x64.Deploy.0 = Debug|ARM
		{8BA26C7B-3AEC-477E-A934-4AE66E7C71DE}.Debug|x86.ActiveCfg = Debug|ARM
		{8BA26C7B-3AEC-477E-A934-4AE66E7C71DE}.Debug|x86.Build.0 = Debug|ARM
		{8BA26C7B-3AEC-477E-A934-4AE66E7C71DE}.Debug|x86.Deploy.0 = Debug|ARM
		{8BA26C7B-3AEC-477E-A934-4AE66E7C71DE}.Release|Any CPU.ActiveCfg = Debug|ARM
		{8BA26C7B-3AEC-477E-A934-4AE66E7C71DE}.Release|Any CPU.Build.0 = Debug|ARM
		{8BA26C7B-3AEC-477E-A934-4AE66E7C71DE}.Release|Any CPU.Deploy.0 = Debug|ARM
		{8BA26C7B-3AEC-477E-A934-4AE66E7C71DE}.Release|ARM.ActiveCfg = Debug|ARM
		{8BA26C7B-3AEC-477E-A934-4AE66E7C71DE}.Release|ARM.Build.0 = Debug|ARM
		{8BA26C7B-3AEC-477E-A934-4AE66E7C71DE}.Release|ARM.Deploy.0 = Debug|ARM
		{8BA26C7B-3AEC-477E-A934-4AE66E7C71DE}.Release|ARM64.ActiveCfg = Debug|ARM
		{8BA26C7B-3AEC-477E-A934-4AE66E7C71DE}.Release|ARM64.Build.0 = Debug|ARM
		{8BA26C7B-3AEC-477E-A934-4AE66E7C71DE}.Release|ARM64.Deploy.0 = Debug|ARM
		{8BA26C7B-3AEC-477E-A934-4AE66E7C71DE}.Release|x64.ActiveCfg = Debug|ARM
		{8BA26C7B-3AEC-477E-A934-4AE66E7C71DE}.Release|x64.Build.0 = Debug|ARM
		{8BA26C7B-3AEC-477E-A934-4AE66E7C71DE}.Release|x64.Deploy.0 = Debug|ARM
		{8BA26C7B-3AEC-477E-A934-4AE66E7C71DE}.Release|x86.ActiveCfg = Debug|ARM
		{8BA26C7B-3AEC-477E-A934-4AE66E7C71DE}.Release|x86.Build.0 = Debug|ARM
		{8BA26C7B-3AEC-477E-A934-4AE66E7C71DE}.Release|x86.Deploy.0 = Debug|ARM
		{C00C89A7-198E-4AC1-8208-02627936D032}.Debug|Any CPU.ActiveCfg = Debug|Any CPU
		{C00C89A7-198E-4AC1-8208-02627936D032}.Debug|Any CPU.Build.0 = Debug|Any CPU
		{C00C89A7-198E-4AC1-8208-02627936D032}.Debug|ARM.ActiveCfg = Debug|Any CPU
		{C00C89A7-198E-4AC1-8208-02627936D032}.Debug|ARM.Build.0 = Debug|Any CPU
		{C00C89A7-198E-4AC1-8208-02627936D032}.Debug|ARM64.ActiveCfg = Debug|Any CPU
		{C00C89A7-198E-4AC1-8208-02627936D032}.Debug|ARM64.Build.0 = Debug|Any CPU
		{C00C89A7-198E-4AC1-8208-02627936D032}.Debug|x64.ActiveCfg = Debug|Any CPU
		{C00C89A7-198E-4AC1-8208-02627936D032}.Debug|x64.Build.0 = Debug|Any CPU
		{C00C89A7-198E-4AC1-8208-02627936D032}.Debug|x86.ActiveCfg = Debug|Any CPU
		{C00C89A7-198E-4AC1-8208-02627936D032}.Debug|x86.Build.0 = Debug|Any CPU
		{C00C89A7-198E-4AC1-8208-02627936D032}.Release|Any CPU.ActiveCfg = Release|Any CPU
		{C00C89A7-198E-4AC1-8208-02627936D032}.Release|Any CPU.Build.0 = Release|Any CPU
		{C00C89A7-198E-4AC1-8208-02627936D032}.Release|ARM.ActiveCfg = Release|Any CPU
		{C00C89A7-198E-4AC1-8208-02627936D032}.Release|ARM.Build.0 = Release|Any CPU
		{C00C89A7-198E-4AC1-8208-02627936D032}.Release|ARM64.ActiveCfg = Release|Any CPU
		{C00C89A7-198E-4AC1-8208-02627936D032}.Release|ARM64.Build.0 = Release|Any CPU
		{C00C89A7-198E-4AC1-8208-02627936D032}.Release|x64.ActiveCfg = Release|Any CPU
		{C00C89A7-198E-4AC1-8208-02627936D032}.Release|x64.Build.0 = Release|Any CPU
		{C00C89A7-198E-4AC1-8208-02627936D032}.Release|x86.ActiveCfg = Release|Any CPU
		{C00C89A7-198E-4AC1-8208-02627936D032}.Release|x86.Build.0 = Release|Any CPU
		{6910DEAD-CE08-44DA-93C6-45365382806B}.Debug|Any CPU.ActiveCfg = Debug|ARM
		{6910DEAD-CE08-44DA-93C6-45365382806B}.Debug|Any CPU.Build.0 = Debug|ARM
		{6910DEAD-CE08-44DA-93C6-45365382806B}.Debug|Any CPU.Deploy.0 = Debug|ARM
		{6910DEAD-CE08-44DA-93C6-45365382806B}.Debug|ARM.ActiveCfg = Debug|ARM
		{6910DEAD-CE08-44DA-93C6-45365382806B}.Debug|ARM.Build.0 = Debug|ARM
		{6910DEAD-CE08-44DA-93C6-45365382806B}.Debug|ARM.Deploy.0 = Debug|ARM
		{6910DEAD-CE08-44DA-93C6-45365382806B}.Debug|ARM64.ActiveCfg = Debug|ARM
		{6910DEAD-CE08-44DA-93C6-45365382806B}.Debug|ARM64.Build.0 = Debug|ARM
		{6910DEAD-CE08-44DA-93C6-45365382806B}.Debug|ARM64.Deploy.0 = Debug|ARM
		{6910DEAD-CE08-44DA-93C6-45365382806B}.Debug|x64.ActiveCfg = Debug|ARM
		{6910DEAD-CE08-44DA-93C6-45365382806B}.Debug|x64.Build.0 = Debug|ARM
		{6910DEAD-CE08-44DA-93C6-45365382806B}.Debug|x64.Deploy.0 = Debug|ARM
		{6910DEAD-CE08-44DA-93C6-45365382806B}.Debug|x86.ActiveCfg = Debug|ARM
		{6910DEAD-CE08-44DA-93C6-45365382806B}.Debug|x86.Build.0 = Debug|ARM
		{6910DEAD-CE08-44DA-93C6-45365382806B}.Debug|x86.Deploy.0 = Debug|ARM
		{6910DEAD-CE08-44DA-93C6-45365382806B}.Release|Any CPU.ActiveCfg = Debug|ARM
		{6910DEAD-CE08-44DA-93C6-45365382806B}.Release|Any CPU.Build.0 = Debug|ARM
		{6910DEAD-CE08-44DA-93C6-45365382806B}.Release|Any CPU.Deploy.0 = Debug|ARM
		{6910DEAD-CE08-44DA-93C6-45365382806B}.Release|ARM.ActiveCfg = Debug|ARM
		{6910DEAD-CE08-44DA-93C6-45365382806B}.Release|ARM.Build.0 = Debug|ARM
		{6910DEAD-CE08-44DA-93C6-45365382806B}.Release|ARM.Deploy.0 = Debug|ARM
		{6910DEAD-CE08-44DA-93C6-45365382806B}.Release|ARM64.ActiveCfg = Debug|ARM
		{6910DEAD-CE08-44DA-93C6-45365382806B}.Release|ARM64.Build.0 = Debug|ARM
		{6910DEAD-CE08-44DA-93C6-45365382806B}.Release|ARM64.Deploy.0 = Debug|ARM
		{6910DEAD-CE08-44DA-93C6-45365382806B}.Release|x64.ActiveCfg = Debug|ARM
		{6910DEAD-CE08-44DA-93C6-45365382806B}.Release|x64.Build.0 = Debug|ARM
		{6910DEAD-CE08-44DA-93C6-45365382806B}.Release|x64.Deploy.0 = Debug|ARM
		{6910DEAD-CE08-44DA-93C6-45365382806B}.Release|x86.ActiveCfg = Debug|ARM
		{6910DEAD-CE08-44DA-93C6-45365382806B}.Release|x86.Build.0 = Debug|ARM
		{6910DEAD-CE08-44DA-93C6-45365382806B}.Release|x86.Deploy.0 = Debug|ARM
		{66123648-8B11-402E-ACE5-E281D7345C22}.Debug|Any CPU.ActiveCfg = Debug|Any CPU
		{66123648-8B11-402E-ACE5-E281D7345C22}.Debug|ARM.ActiveCfg = Debug|Any CPU
		{66123648-8B11-402E-ACE5-E281D7345C22}.Debug|ARM64.ActiveCfg = Debug|Any CPU
		{66123648-8B11-402E-ACE5-E281D7345C22}.Debug|x64.ActiveCfg = Debug|Any CPU
		{66123648-8B11-402E-ACE5-E281D7345C22}.Debug|x86.ActiveCfg = Debug|Any CPU
		{66123648-8B11-402E-ACE5-E281D7345C22}.Release|Any CPU.ActiveCfg = Release|Any CPU
		{66123648-8B11-402E-ACE5-E281D7345C22}.Release|ARM.ActiveCfg = Release|Any CPU
		{66123648-8B11-402E-ACE5-E281D7345C22}.Release|ARM64.ActiveCfg = Release|Any CPU
		{66123648-8B11-402E-ACE5-E281D7345C22}.Release|x64.ActiveCfg = Release|Any CPU
		{66123648-8B11-402E-ACE5-E281D7345C22}.Release|x86.ActiveCfg = Release|Any CPU
	EndGlobalSection
	GlobalSection(SolutionProperties) = preSolution
		HideSolutionNode = FALSE
	EndGlobalSection
	GlobalSection(ExtensibilityGlobals) = postSolution
		SolutionGuid = {4DBA414D-8BD0-4BDE-8E7F-3EF1998E8C89}
	EndGlobalSection
EndGlobal
